// !$*UTF8*$!
{
	archiveVersion = 1;
	classes = {
	};
	objectVersion = 77;
	objects = {

/* Begin PBXBuildFile section */
		9A0B95902FB31B1700EEAAE1 /* CoreFoundation.framework in Frameworks */ = {isa = PBXBuildFile; fileRef = 9A0B958F2FB31B1700EEAAE1 /* CoreFoundation.framework */; };
		9A1906822FB296A400A3C985 /* CopyRectDetector.cpp in Sources */ = {isa = PBXBuildFile; fileRef = 9A1906802FB2969B00A3C985 /* CopyRectDetector.cpp */; };
		9A1906892FB296C900A3C985 /* _.h in Headers */ = {isa = PBXBuildFile; fileRef = 9A1906832FB296C900A3C985 /* _.h */; };
		9A19068A2FB296C900A3C985 /* _common_header.h in Headers */ = {isa = PBXBuildFile; fileRef = 9A1906872FB296C900A3C985 /* _common_header.h */; };
		9A19068B2FB296C900A3C985 /* _.cpp in Sources */ = {isa = PBXBuildFile; fileRef = 9A1906842FB296C900A3C985 /* _.cpp */; };
		9A19068C2FB296C900A3C985 /* _factory.cpp in Sources */ = {isa = PBXBuildFile; fileRef = 9A1906882FB296C900A3C985 /* _factory.cpp */; };
		9A282EAB2FB31B3C00B79BB5 /* libinnate_subsystem_macos.dylib in Frameworks */ = {isa = PBXBuildFile; fileRef = 9A282EA82FB31B2C00B79BB5 /* libinnate_subsystem_macos.dylib */; };
		9A282EAD2FB31BA200B79BB5 /* libacme.dylib in Frameworks */ = {isa = PBXBuildFile; fileRef = 9A282EAC2FB31BA200B79BB5 /* libacme.dylib */; };
		9A4A00012FBB000100000001 /* AppKit.framework in Frameworks */ = {isa = PBXBuildFile; fileRef = 9A4A00002FBB000100000001 /* AppKit.framework */; };
		9A6552F92FBA8F120073C202 /* CopyRectDetector.h in Headers */ = {isa = PBXBuildFile; fileRef = 9A6552F52FBA8F120073C202 /* CopyRectDetector.h */; };
		9A6552FC2FBA8F680073C202 /* DesktopFactory.cpp in Sources */ = {isa = PBXBuildFile; fileRef = 9A6552FB2FBA8F680073C202 /* DesktopFactory.cpp */; };
		9A6552FD2FBA8F680073C202 /* DesktopFactory.h in Headers */ = {isa = PBXBuildFile; fileRef = 9A6552FA2FBA8F680073C202 /* DesktopFactory.h */; };
		9A6553002FBA8FBD0073C202 /* DesktopClientImpl.cpp in Sources */ = {isa = PBXBuildFile; fileRef = 9A6552FF2FBA8FBD0073C202 /* DesktopClientImpl.cpp */; };
		9A6553012FBA8FBD0073C202 /* DesktopClientImpl.h in Headers */ = {isa = PBXBuildFile; fileRef = 9A6552FE2FBA8FBD0073C202 /* DesktopClientImpl.h */; };
		9A6553042FBA90130073C202 /* DesktopWinImpl.cpp in Sources */ = {isa = PBXBuildFile; fileRef = 9A6553032FBA90130073C202 /* DesktopWinImpl.cpp */; };
		9A6553052FBA90130073C202 /* DesktopWinImpl.h in Headers */ = {isa = PBXBuildFile; fileRef = 9A6553022FBA90130073C202 /* DesktopWinImpl.h */; };
		9A6553082FBA91150073C202 /* MacosUserInput.cpp in Sources */ = {isa = PBXBuildFile; fileRef = 9A6553072FBA91150073C202 /* MacosUserInput.cpp */; };
		9A6553092FBA91150073C202 /* MacosUserInput.h in Headers */ = {isa = PBXBuildFile; fileRef = 9A6553062FBA91150073C202 /* MacosUserInput.h */; };
		9A65530C2FBA980A0073C202 /* WallpaperUtil.mm in Sources */ = {isa = PBXBuildFile; fileRef = 9A65530B2FBA980A0073C202 /* WallpaperUtil.mm */; };
		9A65530D2FBA980A0073C202 /* WallpaperUtil.h in Headers */ = {isa = PBXBuildFile; fileRef = 9A65530A2FBA980A0073C202 /* WallpaperUtil.h */; };
		9A6553112FBA9B2A0073C202 /* libsubsystem.dylib in Frameworks */ = {isa = PBXBuildFile; fileRef = 9A6553102FBA9B2A0073C202 /* libsubsystem.dylib */; };
		9A6553132FBA9B460073C202 /* libappkit.dylib in Frameworks */ = {isa = PBXBuildFile; fileRef = 9A6553122FBA9B460073C202 /* libappkit.dylib */; };
		9A6A2C282FB3E4E4004C0ACF /* CoreGraphics.framework in Frameworks */ = {isa = PBXBuildFile; fileRef = 9A6A2C272FB3E4E4004C0ACF /* CoreGraphics.framework */; };
		9AE47A7D2FD2C65E003088D6 /* libremoting_rfb.dylib in Frameworks */ = {isa = PBXBuildFile; fileRef = 9AE47A722FD2AFD4003088D6 /* libremoting_rfb.dylib */; };
/* End PBXBuildFile section */

/* Begin PBXContainerItemProxy section */
		9A282EA72FB31B2C00B79BB5 /* PBXContainerItemProxy */ = {
			isa = PBXContainerItemProxy;
			containerPortal = 9A0B95822FB31ADC00EEAAE1 /* innate_subsystem_macos.xcodeproj */;
			proxyType = 2;
			remoteGlobalIDString = 9A1906A72FB29AF200A3C985;
			remoteInfo = innate_subsystem_macos;
		};
		9A282EA92FB31B3500B79BB5 /* PBXContainerItemProxy */ = {
			isa = PBXContainerItemProxy;
			containerPortal = 9A0B95822FB31ADC00EEAAE1 /* innate_subsystem_macos.xcodeproj */;
			proxyType = 1;
			remoteGlobalIDString = 9A1906A62FB29AF200A3C985;
			remoteInfo = innate_subsystem_macos;
		};
		9AE47A712FD2AFD4003088D6 /* PBXContainerItemProxy */ = {
			isa = PBXContainerItemProxy;
			containerPortal = 9A59408C2FD2AF80007C6F56 /* remoting_rfb.xcodeproj */;
			proxyType = 2;
			remoteGlobalIDString = 9A373EFE2F81647000E892B1;
			remoteInfo = remoting_rfb;
		};
		9AE47A732FD2AFDF003088D6 /* PBXContainerItemProxy */ = {
			isa = PBXContainerItemProxy;
			containerPortal = 9A59408C2FD2AF80007C6F56 /* remoting_rfb.xcodeproj */;
			proxyType = 1;
			remoteGlobalIDString = 9A373EFD2F81647000E892B1;
			remoteInfo = remoting_rfb;
		};
/* End PBXContainerItemProxy section */

/* Begin PBXFileReference section */
		9A0B95822FB31ADC00EEAAE1 /* innate_subsystem_macos.xcodeproj */ = {isa = PBXFileReference; lastKnownFileType = "wrapper.pb-project"; name = innate_subsystem_macos.xcodeproj; path = "../../../operating_system/operating_system-macos/innate_subsystem_macos/innate_subsystem_macos.xcodeproj"; sourceTree = SOURCE_ROOT; };
		9A0B958F2FB31B1700EEAAE1 /* CoreFoundation.framework */ = {isa = PBXFileReference; lastKnownFileType = wrapper.framework; name = CoreFoundation.framework; path = System/Library/Frameworks/CoreFoundation.framework; sourceTree = SDKROOT; };
		9A1906442FB278ED00A3C985 /* libremoting_rfb_macos.dylib */ = {isa = PBXFileReference; explicitFileType = "compiled.mach-o.dylib"; includeInIndex = 0; path = libremoting_rfb_macos.dylib; sourceTree = BUILT_PRODUCTS_DIR; };
		9A19067F2FB2969B00A3C985 /* CopyRectDetector.h */ = {isa = PBXFileReference; lastKnownFileType = sourcecode.c.h; path = CopyRectDetector.h; sourceTree = "<group>"; };
		9A1906802FB2969B00A3C985 /* CopyRectDetector.cpp */ = {isa = PBXFileReference; lastKnownFileType = sourcecode.cpp.cpp; path = CopyRectDetector.cpp; sourceTree = "<group>"; };
		9A1906832FB296C900A3C985 /* _.h */ = {isa = PBXFileReference; lastKnownFileType = sourcecode.c.h; path = _.h; sourceTree = "<group>"; };
		9A1906842FB296C900A3C985 /* _.cpp */ = {isa = PBXFileReference; lastKnownFileType = sourcecode.cpp.cpp; path = _.cpp; sourceTree = "<group>"; };
		9A1906852FB296C900A3C985 /* _____debug.xcconfig */ = {isa = PBXFileReference; lastKnownFileType = text.xcconfig; path = "_____debug.xcconfig"; sourceTree = "<group>"; };
		9A1906862FB296C900A3C985 /* _____release.xcconfig */ = {isa = PBXFileReference; lastKnownFileType = text.xcconfig; path = "_____release.xcconfig"; sourceTree = "<group>"; };
		9A1906872FB296C900A3C985 /* _common_header.h */ = {isa = PBXFileReference; lastKnownFileType = sourcecode.c.h; path = _common_header.h; sourceTree = "<group>"; };
		9A1906882FB296C900A3C985 /* _factory.cpp */ = {isa = PBXFileReference; lastKnownFileType = sourcecode.cpp.cpp; path = _factory.cpp; sourceTree = "<group>"; };
		9A282EAC2FB31BA200B79BB5 /* libacme.dylib */ = {isa = PBXFileReference; explicitFileType = "compiled.mach-o.dylib"; path = libacme.dylib; sourceTree = BUILT_PRODUCTS_DIR; };
		9A4A00002FBB000100000001 /* AppKit.framework */ = {isa = PBXFileReference; lastKnownFileType = wrapper.framework; name = AppKit.framework; path = System/Library/Frameworks/AppKit.framework; sourceTree = SDKROOT; };
		9A59408C2FD2AF80007C6F56 /* remoting_rfb.xcodeproj */ = {isa = PBXFileReference; lastKnownFileType = "wrapper.pb-project"; name = remoting_rfb.xcodeproj; path = ../remoting_rfb/remoting_rfb.xcodeproj; sourceTree = SOURCE_ROOT; };
		9A6552F52FBA8F120073C202 /* CopyRectDetector.h */ = {isa = PBXFileReference; lastKnownFileType = sourcecode.c.h; path = CopyRectDetector.h; sourceTree = "<group>"; };
		9A6552F62FBA8F120073C202 /* CopyRectDetector.cpp */ = {isa = PBXFileReference; lastKnownFileType = sourcecode.cpp.cpp; path = CopyRectDetector.cpp; sourceTree = "<group>"; };
		9A6552FA2FBA8F680073C202 /* DesktopFactory.h */ = {isa = PBXFileReference; lastKnownFileType = sourcecode.c.h; path = DesktopFactory.h; sourceTree = "<group>"; };
		9A6552FB2FBA8F680073C202 /* DesktopFactory.cpp */ = {isa = PBXFileReference; lastKnownFileType = sourcecode.cpp.cpp; path = DesktopFactory.cpp; sourceTree = "<group>"; };
		9A6552FE2FBA8FBD0073C202 /* DesktopClientImpl.h */ = {isa = PBXFileReference; lastKnownFileType = sourcecode.c.h; path = DesktopClientImpl.h; sourceTree = "<group>"; };
		9A6552FF2FBA8FBD0073C202 /* DesktopClientImpl.cpp */ = {isa = PBXFileReference; lastKnownFileType = sourcecode.cpp.cpp; path = DesktopClientImpl.cpp; sourceTree = "<group>"; };
		9A6553022FBA90130073C202 /* DesktopWinImpl.h */ = {isa = PBXFileReference; lastKnownFileType = sourcecode.c.h; path = DesktopWinImpl.h; sourceTree = "<group>"; };
		9A6553032FBA90130073C202 /* DesktopWinImpl.cpp */ = {isa = PBXFileReference; lastKnownFileType = sourcecode.cpp.cpp; path = DesktopWinImpl.cpp; sourceTree = "<group>"; };
		9A6553062FBA91150073C202 /* MacosUserInput.h */ = {isa = PBXFileReference; lastKnownFileType = sourcecode.c.h; path = MacosUserInput.h; sourceTree = "<group>"; };
		9A6553072FBA91150073C202 /* MacosUserInput.cpp */ = {isa = PBXFileReference; lastKnownFileType = sourcecode.cpp.cpp; path = MacosUserInput.cpp; sourceTree = "<group>"; };
		9A65530A2FBA980A0073C202 /* WallpaperUtil.h */ = {isa = PBXFileReference; lastKnownFileType = sourcecode.c.h; path = WallpaperUtil.h; sourceTree = "<group>"; };
		9A65530B2FBA980A0073C202 /* WallpaperUtil.mm */ = {isa = PBXFileReference; lastKnownFileType = sourcecode.cpp.objcpp; path = WallpaperUtil.mm; sourceTree = "<group>"; };
		9A6553102FBA9B2A0073C202 /* libsubsystem.dylib */ = {isa = PBXFileReference; explicitFileType = "compiled.mach-o.dylib"; path = libsubsystem.dylib; sourceTree = BUILT_PRODUCTS_DIR; };
		9A6553122FBA9B460073C202 /* libappkit.dylib */ = {isa = PBXFileReference; explicitFileType = "compiled.mach-o.dylib"; path = libappkit.dylib; sourceTree = BUILT_PRODUCTS_DIR; };
		9A6A2C272FB3E4E4004C0ACF /* CoreGraphics.framework */ = {isa = PBXFileReference; lastKnownFileType = wrapper.framework; name = CoreGraphics.framework; path = System/Library/Frameworks/CoreGraphics.framework; sourceTree = SDKROOT; };
/* End PBXFileReference section */

/* Begin PBXFrameworksBuildPhase section */
		9A1906422FB278ED00A3C985 /* Frameworks */ = {
			isa = PBXFrameworksBuildPhase;
			buildActionMask = 2147483647;
			files = (
				9AE47A7D2FD2C65E003088D6 /* libremoting_rfb.dylib in Frameworks */,
				9A4A00012FBB000100000001 /* AppKit.framework in Frameworks */,
				9A6553132FBA9B460073C202 /* libappkit.dylib in Frameworks */,
				9A6553112FBA9B2A0073C202 /* libsubsystem.dylib in Frameworks */,
				9A6A2C282FB3E4E4004C0ACF /* CoreGraphics.framework in Frameworks */,
				9A282EAD2FB31BA200B79BB5 /* libacme.dylib in Frameworks */,
				9A282EAB2FB31B3C00B79BB5 /* libinnate_subsystem_macos.dylib in Frameworks */,
				9A0B95902FB31B1700EEAAE1 /* CoreFoundation.framework in Frameworks */,
			);
			runOnlyForDeploymentPostprocessing = 0;
		};
/* End PBXFrameworksBuildPhase section */

/* Begin PBXGroup section */
		9A0B958D2FB31B0100EEAAE1 /* Frameworks */ = {
			isa = PBXGroup;
			children = (
				9A4A00002FBB000100000001 /* AppKit.framework */,
				9A6553122FBA9B460073C202 /* libappkit.dylib */,
				9A6553102FBA9B2A0073C202 /* libsubsystem.dylib */,
				9A6A2C272FB3E4E4004C0ACF /* CoreGraphics.framework */,
				9A282EAC2FB31BA200B79BB5 /* libacme.dylib */,
				9A0B958F2FB31B1700EEAAE1 /* CoreFoundation.framework */,
			);
			name = Frameworks;
			sourceTree = "<group>";
		};
		9A19063B2FB278ED00A3C985 = {
			isa = PBXGroup;
			children = (
				9A0B95822FB31ADC00EEAAE1 /* innate_subsystem_macos.xcodeproj */,
				9A59408C2FD2AF80007C6F56 /* remoting_rfb.xcodeproj */,
				9A19067E2FB2967A00A3C985 /* remoting_macos */,
				9A1906452FB278ED00A3C985 /* Products */,
				9A0B958D2FB31B0100EEAAE1 /* Frameworks */,
			);
			sourceTree = "<group>";
		};
		9A1906452FB278ED00A3C985 /* Products */ = {
			isa = PBXGroup;
			children = (
				9A1906442FB278ED00A3C985 /* libremoting_rfb_macos.dylib */,
			);
			name = Products;
			sourceTree = "<group>";
		};
		9A19067E2FB2967A00A3C985 /* remoting_macos */ = {
			isa = PBXGroup;
			children = (
				9A6552F72FBA8F120073C202 /* desktop */,
				9A1906832FB296C900A3C985 /* _.h */,
				9A1906842FB296C900A3C985 /* _.cpp */,
				9A1906852FB296C900A3C985 /* _____debug.xcconfig */,
				9A1906862FB296C900A3C985 /* _____release.xcconfig */,
				9A1906872FB296C900A3C985 /* _common_header.h */,
				9A1906882FB296C900A3C985 /* _factory.cpp */,
				9A1906812FB2969B00A3C985 /* desktop */,
			);
			name = remoting_macos;
			sourceTree = "<group>";
		};
		9A1906812FB2969B00A3C985 /* desktop */ = {
			isa = PBXGroup;
			children = (
				9A19067F2FB2969B00A3C985 /* CopyRectDetector.h */,
				9A1906802FB2969B00A3C985 /* CopyRectDetector.cpp */,
			);
			path = desktop;
			sourceTree = "<group>";
		};
		9A282EA42FB31B2A00B79BB5 /* Products */ = {
			isa = PBXGroup;
			children = (
				9A282EA82FB31B2C00B79BB5 /* libinnate_subsystem_macos.dylib */,
			);
			name = Products;
			sourceTree = "<group>";
		};
		9A6552F72FBA8F120073C202 /* desktop */ = {
			isa = PBXGroup;
			children = (
				9A65530A2FBA980A0073C202 /* WallpaperUtil.h */,
				9A65530B2FBA980A0073C202 /* WallpaperUtil.mm */,
				9A6553062FBA91150073C202 /* MacosUserInput.h */,
				9A6553072FBA91150073C202 /* MacosUserInput.cpp */,
				9A6553022FBA90130073C202 /* DesktopWinImpl.h */,
				9A6553032FBA90130073C202 /* DesktopWinImpl.cpp */,
				9A6552FE2FBA8FBD0073C202 /* DesktopClientImpl.h */,
				9A6552FF2FBA8FBD0073C202 /* DesktopClientImpl.cpp */,
				9A6552FA2FBA8F680073C202 /* DesktopFactory.h */,
				9A6552FB2FBA8F680073C202 /* DesktopFactory.cpp */,
				9A6552F52FBA8F120073C202 /* CopyRectDetector.h */,
				9A6552F62FBA8F120073C202 /* CopyRectDetector.cpp */,
			);
			path = desktop;
			sourceTree = "<group>";
		};
		9AE47A6E2FD2AFD2003088D6 /* Products */ = {
			isa = PBXGroup;
			children = (
				9AE47A722FD2AFD4003088D6 /* libremoting_rfb.dylib */,
			);
			name = Products;
			sourceTree = "<group>";
		};
/* End PBXGroup section */

/* Begin PBXHeadersBuildPhase section */
		9A1906402FB278ED00A3C985 /* Headers */ = {
			isa = PBXHeadersBuildPhase;
			buildActionMask = 2147483647;
			files = (
				9A6552FD2FBA8F680073C202 /* DesktopFactory.h in Headers */,
				9A6553012FBA8FBD0073C202 /* DesktopClientImpl.h in Headers */,
				9A6553092FBA91150073C202 /* MacosUserInput.h in Headers */,
				9A65530D2FBA980A0073C202 /* WallpaperUtil.h in Headers */,
				9A1906892FB296C900A3C985 /* _.h in Headers */,
				9A19068A2FB296C900A3C985 /* _common_header.h in Headers */,
				9A6553052FBA90130073C202 /* DesktopWinImpl.h in Headers */,
				9A6552F92FBA8F120073C202 /* CopyRectDetector.h in Headers */,
			);
			runOnlyForDeploymentPostprocessing = 0;
		};
/* End PBXHeadersBuildPhase section */

/* Begin PBXNativeTarget section */
		9A1906432FB278ED00A3C985 /* remoting_rfb_macos */ = {
			isa = PBXNativeTarget;
			buildConfigurationList = 9A1906482FB278ED00A3C985 /* Build configuration list for PBXNativeTarget "remoting_rfb_macos" */;
			buildPhases = (
				9A1906402FB278ED00A3C985 /* Headers */,
				9A1906412FB278ED00A3C985 /* Sources */,
				9A1906422FB278ED00A3C985 /* Frameworks */,
			);
			buildRules = (
			);
			dependencies = (
				9AE47A742FD2AFDF003088D6 /* PBXTargetDependency */,
				9A282EAA2FB31B3500B79BB5 /* PBXTargetDependency */,
			);
			name = remoting_rfb_macos;
			packageProductDependencies = (
			);
			productName = remoting_macos;
			productReference = 9A1906442FB278ED00A3C985 /* libremoting_rfb_macos.dylib */;
			productType = "com.apple.product-type.library.dynamic";
		};
/* End PBXNativeTarget section */

/* Begin PBXProject section */
		9A19063C2FB278ED00A3C985 /* Project object */ = {
			isa = PBXProject;
			attributes = {
				BuildIndependentTargetsInParallel = 1;
				LastUpgradeCheck = 2640;
				TargetAttributes = {
					9A1906432FB278ED00A3C985 = {
						CreatedOnToolsVersion = 26.4.1;
					};
				};
			};
			buildConfigurationList = 9A19063F2FB278ED00A3C985 /* Build configuration list for PBXProject "remoting_rfb_macos" */;
			developmentRegion = en;
			hasScannedForEncodings = 0;
			knownRegions = (
				en,
				Base,
			);
			mainGroup = 9A19063B2FB278ED00A3C985;
			minimizedProjectReferenceProxies = 1;
			preferredProjectObjectVersion = 77;
			productRefGroup = 9A1906452FB278ED00A3C985 /* Products */;
			projectDirPath = "";
			projectReferences = (
				{
					ProductGroup = 9A282EA42FB31B2A00B79BB5 /* Products */;
					ProjectRef = 9A0B95822FB31ADC00EEAAE1 /* innate_subsystem_macos.xcodeproj */;
				},
				{
					ProductGroup = 9AE47A6E2FD2AFD2003088D6 /* Products */;
					ProjectRef = 9A59408C2FD2AF80007C6F56 /* remoting_rfb.xcodeproj */;
				},
			);
			projectRoot = "";
			targets = (
				9A1906432FB278ED00A3C985 /* remoting_rfb_macos */,
			);
		};
/* End PBXProject section */

/* Begin PBXReferenceProxy section */
		9A282EA82FB31B2C00B79BB5 /* libinnate_subsystem_macos.dylib */ = {
			isa = PBXReferenceProxy;
			fileType = "compiled.mach-o.dylib";
			path = libinnate_subsystem_macos.dylib;
			remoteRef = 9A282EA72FB31B2C00B79BB5 /* PBXContainerItemProxy */;
			sourceTree = BUILT_PRODUCTS_DIR;
		};
		9AE47A722FD2AFD4003088D6 /* libremoting_rfb.dylib */ = {
			isa = PBXReferenceProxy;
			fileType = "compiled.mach-o.dylib";
			path = libremoting_rfb.dylib;
			remoteRef = 9AE47A712FD2AFD4003088D6 /* PBXContainerItemProxy */;
			sourceTree = BUILT_PRODUCTS_DIR;
		};
/* End PBXReferenceProxy section */

/* Begin PBXSourcesBuildPhase section */
		9A1906412FB278ED00A3C985 /* Sources */ = {
			isa = PBXSourcesBuildPhase;
			buildActionMask = 2147483647;
			files = (
				9A65530C2FBA980A0073C202 /* WallpaperUtil.mm in Sources */,
				9A1906822FB296A400A3C985 /* CopyRectDetector.cpp in Sources */,
				9A6552FC2FBA8F680073C202 /* DesktopFactory.cpp in Sources */,
				9A6553002FBA8FBD0073C202 /* DesktopClientImpl.cpp in Sources */,
				9A6553042FBA90130073C202 /* DesktopWinImpl.cpp in Sources */,
				9A19068B2FB296C900A3C985 /* _.cpp in Sources */,
				9A6553082FBA91150073C202 /* MacosUserInput.cpp in Sources */,
				9A19068C2FB296C900A3C985 /* _factory.cpp in Sources */,
			);
			runOnlyForDeploymentPostprocessing = 0;
		};
/* End PBXSourcesBuildPhase section */

/* Begin PBXTargetDependency section */
		9A282EAA2FB31B3500B79BB5 /* PBXTargetDependency */ = {
			isa = PBXTargetDependency;
			name = innate_subsystem_macos;
			targetProxy = 9A282EA92FB31B3500B79BB5 /* PBXContainerItemProxy */;
		};
		9AE47A742FD2AFDF003088D6 /* PBXTargetDependency */ = {
			isa = PBXTargetDependency;
			name = remoting_rfb;
			targetProxy = 9AE47A732FD2AFDF003088D6 /* PBXContainerItemProxy */;
		};
/* End PBXTargetDependency section */

/* Begin XCBuildConfiguration section */
		9A1906462FB278ED00A3C985 /* Debug */ = {
			isa = XCBuildConfiguration;
			baseConfigurationReference = 9A1906852FB296C900A3C985 /* _____debug.xcconfig */;
			buildSettings = {
				ALWAYS_SEARCH_USER_PATHS = NO;
				BUILD_LIBRARY_FOR_DISTRIBUTION = YES;
				CLANG_ANALYZER_GCD = YES;
				CLANG_ANALYZER_LOCALIZABILITY_NONLOCALIZED = YES;
				CLANG_ANALYZER_MEMORY_MANAGEMENT = YES;
				CLANG_ANALYZER_NONNULL = YES;
				CLANG_ANALYZER_NUMBER_OBJECT_CONVERSION = YES_AGGRESSIVE;
				CLANG_CXX_LANGUAGE_STANDARD = "c++20";
				CLANG_CXX_LIBRARY = "libc++";
				CLANG_ENABLE_CPP_STATIC_DESTRUCTORS = YES;
				CLANG_ENABLE_MODULES = NO;
				CLANG_ENABLE_OBJC_ARC = YES;
				CLANG_ENABLE_OBJC_WEAK = YES;
				CLANG_STATIC_ANALYZER_MODE = deep;
				CLANG_STATIC_ANALYZER_MODE_ON_ANALYZE_ACTION = deep;
				CLANG_WARN_BLOCK_CAPTURE_AUTORELEASING = YES;
				CLANG_WARN_BOOL_CONVERSION = NO;
				CLANG_WARN_COMMA = YES;
				CLANG_WARN_CONSTANT_CONVERSION = NO;
				CLANG_WARN_DEPRECATED_OBJC_IMPLEMENTATIONS = YES;
				CLANG_WARN_DIRECT_OBJC_ISA_USAGE = YES;
				CLANG_WARN_DOCUMENTATION_COMMENTS = YES;
				CLANG_WARN_EMPTY_BODY = NO;
				CLANG_WARN_ENUM_CONVERSION = NO;
				CLANG_WARN_INFINITE_RECURSION = YES;
				CLANG_WARN_INT_CONVERSION = NO;
				CLANG_WARN_NON_LITERAL_NULL_CONVERSION = YES;
				CLANG_WARN_OBJC_IMPLICIT_RETAIN_SELF = YES;
				CLANG_WARN_OBJC_LITERAL_CONVERSION = YES;
				CLANG_WARN_OBJC_ROOT_CLASS = YES_ERROR;
				CLANG_WARN_PRAGMA_PACK = NO;
				CLANG_WARN_QUOTED_INCLUDE_IN_FRAMEWORK_HEADER = YES;
				CLANG_WARN_RANGE_LOOP_ANALYSIS = YES;
				CLANG_WARN_STRICT_PROTOTYPES = YES;
				CLANG_WARN_SUSPICIOUS_MOVE = YES;
				CLANG_WARN_UNGUARDED_AVAILABILITY = YES_AGGRESSIVE;
				CLANG_WARN_UNREACHABLE_CODE = YES;
				CLANG_WARN__DUPLICATE_METHOD_MATCH = NO;
				COPY_PHASE_STRIP = NO;
				DEAD_CODE_STRIPPING = NO;
				DEBUG_INFORMATION_FORMAT = "dwarf-with-dsym";
				DEPLOYMENT_POSTPROCESSING = YES;
				DEVELOPMENT_TEAM = HS8735NRM5;
				ENABLE_STRICT_OBJC_MSGSEND = YES;
				ENABLE_TESTABILITY = YES;
				ENABLE_USER_SCRIPT_SANDBOXING = YES;
				EXCLUDED_ARCHS = "";
				EXECUTABLE_PREFIX = lib;
				FRAMEWORK_SEARCH_PATHS = (
					"$(inherited)",
					"$(DEVELOPER_FRAMEWORKS_DIR)",
					"$(WorkspaceDir)/../operating_system/storage-$(PLATFORM_MODIFIER)/$(CONFIGURATION)/framework",
				);
				GCC_C_LANGUAGE_STANDARD = c11;
				GCC_DYNAMIC_NO_PIC = NO;
				GCC_ENABLE_CPP_EXCEPTIONS = YES;
				GCC_ENABLE_CPP_RTTI = YES;
				GCC_GENERATE_DEBUGGING_SYMBOLS = YES;
				GCC_INCREASE_PRECOMPILED_HEADER_SHARING = NO;
				GCC_NO_COMMON_BLOCKS = YES;
				GCC_OPTIMIZATION_LEVEL = 0;
				GCC_PRECOMPILE_PREFIX_HEADER = YES;
				GCC_PREFIX_HEADER = framework.h;
				GCC_REUSE_STRINGS = YES;
				GCC_SYMBOLS_PRIVATE_EXTERN = NO;
				GCC_VERSION = "";
				GCC_WARN_64_TO_32_BIT_CONVERSION = NO;
				"GCC_WARN_64_TO_32_BIT_CONVERSION[arch=*64]" = YES;
				GCC_WARN_ABOUT_DEPRECATED_FUNCTIONS = NO;
				GCC_WARN_ABOUT_POINTER_SIGNEDNESS = YES;
				GCC_WARN_ABOUT_RETURN_TYPE = NO;
				GCC_WARN_UNDECLARED_SELECTOR = NO;
				GCC_WARN_UNINITIALIZED_AUTOS = NO;
				GCC_WARN_UNUSED_FUNCTION = NO;
				GCC_WARN_UNUSED_VARIABLE = NO;
				HEADER_SEARCH_PATHS = "";
				LD_RUNPATH_SEARCH_PATHS = (
					"@executable_path",
					"@loader_path",
				);
				LIBRARY_SEARCH_PATHS = (
					"$(inherited)",
					"$(WorkspaceDir)/operating_system",
					"$(WorkspaceDir)/../operating_system/storage-$(PLATFORM_MODIFIER)/$(CONFIGURATION)/library",
				);
				MTL_ENABLE_DEBUG_INFO = INCLUDE_SOURCE;
				MTL_FAST_MATH = YES;
				ONLY_ACTIVE_ARCH = YES;
				OTHER_LDFLAGS = "-all_load";
				PRODUCT_NAME = "$(TARGET_NAME)";
				RUN_CLANG_STATIC_ANALYZER = NO;
				SKIP_INSTALL = YES;
				STRINGS_FILE_OUTPUT_ENCODING = "UTF-8";
				STRIP_INSTALLED_PRODUCT = NO;
				SYSTEM_HEADER_SEARCH_PATHS = (
					"$(WorkspaceDir)/operating_system/operating_system-$(PLATFORM_MODIFIER)/include",
					"$(WorkspaceDir)/operating_system/operating_system-$(PLATFORM_MODIFIER)/configuration",
					"$(WorkspaceDir)/port/include",
					"$(WorkspaceDir)/source/app/include",
				);
				USER_HEADER_SEARCH_PATHS = (
					.,
					"$(WorkspaceDir)/source",
					"$(WorkspaceDir)/source/app",
					"$(WorkspaceDir)/source/app/_include",
					"$(WorkspaceDir)/operating_system",
					"$(WorkspaceDir)/operating_system/operating_system-$(PLATFORM_MODIFIER)",
					"$(WorkspaceDir)/operating_system/operating_system-$(PLATFORM_MODIFIER)/configuration_selection/$(CONFIGURATION)",
					"$(WorkspaceDir)/port/_",
					"$(PROJECT_DIR)",
					"$(PROJECT_DIR)/..",
					"$(PROJECT_DIR)/../..",
					"$(HOME)/sensitive/sensitive/include",
				);
				USE_HEADERMAP = NO;
				VALIDATE_PRODUCT = YES;
				WARNING_CFLAGS = "";
				WorkspaceDir = "$(SRCROOT)/../../..";
			};
			name = Debug;
		};
		9A1906472FB278ED00A3C985 /* Release */ = {
			isa = XCBuildConfiguration;
			baseConfigurationReference = 9A1906862FB296C900A3C985 /* _____release.xcconfig */;
			buildSettings = {
				ALWAYS_SEARCH_USER_PATHS = NO;
				BUILD_LIBRARY_FOR_DISTRIBUTION = YES;
				CLANG_ANALYZER_GCD = YES;
				CLANG_ANALYZER_LOCALIZABILITY_NONLOCALIZED = YES;
				CLANG_ANALYZER_MEMORY_MANAGEMENT = YES;
				CLANG_ANALYZER_NONNULL = YES;
				CLANG_ANALYZER_NUMBER_OBJECT_CONVERSION = YES_AGGRESSIVE;
				CLANG_CXX_LANGUAGE_STANDARD = "c++20";
				CLANG_CXX_LIBRARY = "libc++";
				CLANG_ENABLE_CPP_STATIC_DESTRUCTORS = YES;
				CLANG_ENABLE_MODULES = NO;
				CLANG_ENABLE_OBJC_ARC = YES;
				CLANG_ENABLE_OBJC_WEAK = YES;
				CLANG_STATIC_ANALYZER_MODE = deep;
				CLANG_STATIC_ANALYZER_MODE_ON_ANALYZE_ACTION = deep;
				CLANG_WARN_BLOCK_CAPTURE_AUTORELEASING = YES;
				CLANG_WARN_BOOL_CONVERSION = NO;
				CLANG_WARN_COMMA = YES;
				CLANG_WARN_CONSTANT_CONVERSION = NO;
				CLANG_WARN_DEPRECATED_OBJC_IMPLEMENTATIONS = YES;
				CLANG_WARN_DIRECT_OBJC_ISA_USAGE = YES;
				CLANG_WARN_DOCUMENTATION_COMMENTS = YES;
				CLANG_WARN_EMPTY_BODY = NO;
				CLANG_WARN_ENUM_CONVERSION = NO;
				CLANG_WARN_INFINITE_RECURSION = YES;
				CLANG_WARN_INT_CONVERSION = NO;
				CLANG_WARN_NON_LITERAL_NULL_CONVERSION = YES;
				CLANG_WARN_OBJC_IMPLICIT_RETAIN_SELF = YES;
				CLANG_WARN_OBJC_LITERAL_CONVERSION = YES;
				CLANG_WARN_OBJC_ROOT_CLASS = YES_ERROR;
				CLANG_WARN_PRAGMA_PACK = NO;
				CLANG_WARN_QUOTED_INCLUDE_IN_FRAMEWORK_HEADER = YES;
				CLANG_WARN_RANGE_LOOP_ANALYSIS = YES;
				CLANG_WARN_STRICT_PROTOTYPES = YES;
				CLANG_WARN_SUSPICIOUS_MOVE = YES;
				CLANG_WARN_UNGUARDED_AVAILABILITY = YES_AGGRESSIVE;
				CLANG_WARN_UNREACHABLE_CODE = YES;
				CLANG_WARN__DUPLICATE_METHOD_MATCH = NO;
				COPY_PHASE_STRIP = NO;
				DEAD_CODE_STRIPPING = NO;
				DEBUG_INFORMATION_FORMAT = "dwarf-with-dsym";
				DEPLOYMENT_POSTPROCESSING = YES;
				DEVELOPMENT_TEAM = HS8735NRM5;
				ENABLE_HARDENED_RUNTIME = YES;
				ENABLE_NS_ASSERTIONS = NO;
				ENABLE_STRICT_OBJC_MSGSEND = YES;
				ENABLE_TESTABILITY = YES;
				ENABLE_USER_SCRIPT_SANDBOXING = YES;
				EXCLUDED_ARCHS = "";
				EXECUTABLE_PREFIX = lib;
				FRAMEWORK_SEARCH_PATHS = (
					"$(inherited)",
					"$(DEVELOPER_FRAMEWORKS_DIR)",
					"$(WorkspaceDir)/../operating_system/storage-$(PLATFORM_MODIFIER)/$(CONFIGURATION)/framework",
				);
				GCC_C_LANGUAGE_STANDARD = c11;
				GCC_ENABLE_CPP_EXCEPTIONS = YES;
				GCC_ENABLE_CPP_RTTI = YES;
				GCC_GENERATE_DEBUGGING_SYMBOLS = YES;
				GCC_INCREASE_PRECOMPILED_HEADER_SHARING = NO;
				GCC_NO_COMMON_BLOCKS = YES;
				GCC_OPTIMIZATION_LEVEL = 0;
				GCC_PRECOMPILE_PREFIX_HEADER = YES;
				GCC_PREFIX_HEADER = framework.h;
				GCC_REUSE_STRINGS = YES;
				GCC_VERSION = "";
				GCC_WARN_64_TO_32_BIT_CONVERSION = NO;
				"GCC_WARN_64_TO_32_BIT_CONVERSION[arch=*64]" = YES;
				GCC_WARN_ABOUT_DEPRECATED_FUNCTIONS = NO;
				GCC_WARN_ABOUT_POINTER_SIGNEDNESS = YES;
				GCC_WARN_ABOUT_RETURN_TYPE = NO;
				GCC_WARN_UNDECLARED_SELECTOR = NO;
				GCC_WARN_UNINITIALIZED_AUTOS = NO;
				GCC_WARN_UNUSED_FUNCTION = NO;
				GCC_WARN_UNUSED_VARIABLE = NO;
				HEADER_SEARCH_PATHS = "";
				LD_RUNPATH_SEARCH_PATHS = (
					"@executable_path",
					"@loader_path",
				);
				LIBRARY_SEARCH_PATHS = (
					"$(inherited)",
					"$(WorkspaceDir)/operating_system",
					"$(WorkspaceDir)/../operating_system/storage-$(PLATFORM_MODIFIER)/$(CONFIGURATION)/library",
				);
				MTL_ENABLE_DEBUG_INFO = NO;
				MTL_FAST_MATH = YES;
				OTHER_LDFLAGS = "-all_load";
				PRODUCT_NAME = "$(TARGET_NAME)";
				RUN_CLANG_STATIC_ANALYZER = NO;
				SKIP_INSTALL = YES;
				STRINGS_FILE_OUTPUT_ENCODING = "UTF-8";
				STRIP_INSTALLED_PRODUCT = NO;
				SYSTEM_HEADER_SEARCH_PATHS = (
					"$(WorkspaceDir)/operating_system/operating_system-$(PLATFORM_MODIFIER)/include",
					"$(WorkspaceDir)/operating_system/operating_system-$(PLATFORM_MODIFIER)/configuration",
					"$(WorkspaceDir)/port/include",
					"$(WorkspaceDir)/source/app/include",
				);
				USER_HEADER_SEARCH_PATHS = (
					.,
					"$(WorkspaceDir)/source",
					"$(WorkspaceDir)/source/app",
					"$(WorkspaceDir)/source/app/_include",
					"$(WorkspaceDir)/operating_system",
					"$(WorkspaceDir)/operating_system/operating_system-$(PLATFORM_MODIFIER)",
					"$(WorkspaceDir)/operating_system/operating_system-$(PLATFORM_MODIFIER)/configuration_selection/$(CONFIGURATION)",
					"$(WorkspaceDir)/port/_",
					"$(PROJECT_DIR)",
					"$(PROJECT_DIR)/..",
					"$(PROJECT_DIR)/../..",
					"$(HOME)/sensitive/sensitive/include",
				);
				USE_HEADERMAP = NO;
				VALIDATE_PRODUCT = YES;
				WARNING_CFLAGS = "";
				WorkspaceDir = "$(SRCROOT)/../../..";
			};
			name = Release;
		};
		9A1906492FB278ED00A3C985 /* Debug */ = {
			isa = XCBuildConfiguration;
			buildSettings = {
				ENABLE_HARDENED_RUNTIME = YES;
				EXECUTABLE_EXTENSION = dylib;
				MACH_O_TYPE = mh_dylib;
				PLATFORM_MODIFIER = macos;
				SDKROOT = macosx;
			};
			name = Debug;
		};
		9A19064A2FB278ED00A3C985 /* Release */ = {
			isa = XCBuildConfiguration;
			buildSettings = {
				ENABLE_HARDENED_RUNTIME = YES;
				EXECUTABLE_EXTENSION = dylib;
				MACH_O_TYPE = mh_dylib;
				PLATFORM_MODIFIER = macos;
				SDKROOT = macosx;
			};
			name = Release;
		};
/* End XCBuildConfiguration section */

/* Begin XCConfigurationList section */
		9A19063F2FB278ED00A3C985 /* Build configuration list for PBXProject "remoting_rfb_macos" */ = {
			isa = XCConfigurationList;
			buildConfigurations = (
				9A1906462FB278ED00A3C985 /* Debug */,
				9A1906472FB278ED00A3C985 /* Release */,
			);
			defaultConfigurationIsVisible = 0;
			defaultConfigurationName = Release;
		};
		9A1906482FB278ED00A3C985 /* Build configuration list for PBXNativeTarget "remoting_rfb_macos" */ = {
			isa = XCConfigurationList;
			buildConfigurations = (
				9A1906492FB278ED00A3C985 /* Debug */,
				9A19064A2FB278ED00A3C985 /* Release */,
			);
			defaultConfigurationIsVisible = 0;
			defaultConfigurationName = Release;
		};
/* End XCConfigurationList section */
	};
	rootObject = 9A19063C2FB278ED00A3C985 /* Project object */;
}
