<?xml version="1.0" encoding="utf-8"?>
<Project ToolsVersion="4.0" xmlns="http://schemas.microsoft.com/developer/msbuild/2003">
  <ItemGroup>
    <Filter Include="Source Files">
      <UniqueIdentifier>{4FC737F1-C7A5-4376-A066-2A32D752A2FF}</UniqueIdentifier>
      <Extensions>cpp;c;cc;cxx;def;odl;idl;hpj;bat;asm;asmx</Extensions>
    </Filter>
    <Filter Include="Header Files">
      <UniqueIdentifier>{93995380-89BD-4b04-88EB-625FBE52EBFB}</UniqueIdentifier>
      <Extensions>h;hpp;hxx;hm;inl;inc;xsd</Extensions>
    </Filter>
    <Filter Include="Header Files\server_config">
      <UniqueIdentifier>{e2419bb8-d5eb-4a08-85ff-87a2e0062496}</UniqueIdentifier>
    </Filter>
    <Filter Include="Source Files\server_config">
      <UniqueIdentifier>{412f1ec8-0ce4-46bc-8d0b-b781b25228c0}</UniqueIdentifier>
    </Filter>
    <Filter Include="Source Files\fb_update_sender">
      <UniqueIdentifier>{7788f851-7a19-4f74-839e-7e90706d8d01}</UniqueIdentifier>
    </Filter>
    <Filter Include="Header Files\fb_update_sender">
      <UniqueIdentifier>{a856b3ce-8ab2-4a3e-8a35-07092821ac3e}</UniqueIdentifier>
    </Filter>
    <Filter Include="Source Files\desktop">
      <UniqueIdentifier>{d1449076-6730-484a-89fd-8f1270a3e5fa}</UniqueIdentifier>
    </Filter>
    <Filter Include="Header Files\desktop">
      <UniqueIdentifier>{6891c5d0-908e-4804-b2a1-12a90cf2231f}</UniqueIdentifier>
    </Filter>
    <Filter Include="Header Files\desktop_ipc">
      <UniqueIdentifier>{ac9a83be-82e1-43e0-9313-8019250cd23a}</UniqueIdentifier>
    </Filter>
    <Filter Include="Source Files\desktop_ipc">
      <UniqueIdentifier>{832948ec-5a91-4264-ba82-80fb965995b8}</UniqueIdentifier>
    </Filter>
  </ItemGroup>
  <ItemGroup>
    <ClCompile Include="AdditionalActionApplication.cpp">
      <Filter>Source Files</Filter>
    </ClCompile>
    <ClCompile Include="AuthTracker.cpp">
      <Filter>Source Files</Filter>
    </ClCompile>
    <ClCompile Include="ControlAppAuthenticator.cpp">
      <Filter>Source Files</Filter>
    </ClCompile>
    <ClCompile Include="ControlClient.cpp">
      <Filter>Source Files</Filter>
    </ClCompile>
    <ClCompile Include="ControlServer.cpp">
      <Filter>Source Files</Filter>
    </ClCompile>
    <ClCompile Include="DesktopServerApplication.cpp">
      <Filter>Source Files</Filter>
    </ClCompile>
    <ClCompile Include="DesktopServerCommandLine.cpp">
      <Filter>Source Files</Filter>
    </ClCompile>
    <ClCompile Include="ExtraRfbServers.cpp">
      <Filter>Source Files</Filter>
    </ClCompile>
    <ClCompile Include="OutgoingRfbConnectionThread.cpp">
      <Filter>Source Files</Filter>
    </ClCompile>
    <ClCompile Include="QueryConnectionApplication.cpp">
      <Filter>Source Files</Filter>
    </ClCompile>
    <ClCompile Include="QueryConnectionCommandLine.cpp">
      <Filter>Source Files</Filter>
    </ClCompile>
    <ClCompile Include="QueryConnectionDialog.cpp">
      <Filter>Source Files</Filter>
    </ClCompile>
    <ClCompile Include="RfbClientManager.cpp">
      <Filter>Source Files</Filter>
    </ClCompile>
    <ClCompile Include="RfbClientManagerEventListener.cpp">
      <Filter>Source Files</Filter>
    </ClCompile>
    <ClCompile Include="RfbServer.cpp">
      <Filter>Source Files</Filter>
    </ClCompile>
    <ClCompile Include="ServerCommandLine.cpp">
      <Filter>Source Files</Filter>
    </ClCompile>
    <ClCompile Include="ServiceControlApplication.cpp">
      <Filter>Source Files</Filter>
    </ClCompile>
    <ClCompile Include="ServiceControlCommandLine.cpp">
      <Filter>Source Files</Filter>
    </ClCompile>
    <ClCompile Include="TvnServer.cpp">
      <Filter>Source Files</Filter>
    </ClCompile>
    <ClCompile Include="TvnServerApplication.cpp">
      <Filter>Source Files</Filter>
    </ClCompile>
    <ClCompile Include="TvnServerHelp.cpp">
      <Filter>Source Files</Filter>
    </ClCompile>
    <ClCompile Include="TvnServerListener.cpp">
      <Filter>Source Files</Filter>
    </ClCompile>
    <ClCompile Include="TvnService.cpp">
      <Filter>Source Files</Filter>
    </ClCompile>
    <ClCompile Include="WsConfigRunner.cpp">
      <Filter>Source Files</Filter>
    </ClCompile>
    <ClCompile Include="WinEventLogWriter.cpp">
      <Filter>Source Files</Filter>
    </ClCompile>
    <ClCompile Include="NamingDefs.cpp">
      <Filter>Source Files</Filter>
    </ClCompile>
    <ClCompile Include="CrashHook.cpp">
      <Filter>Source Files</Filter>
    </ClCompile>
    <ClCompile Include="framework.cpp">
      <Filter>Source Files</Filter>
    </ClCompile>
    <ClCompile Include="server_config\Configurator.cpp">
      <Filter>Source Files\server_config</Filter>
    </ClCompile>
    <ClCompile Include="fb_update_sender\CursorUpdates.cpp">
      <Filter>Source Files\fb_update_sender</Filter>
    </ClCompile>
    <ClCompile Include="fb_update_sender\UpdateSender.cpp">
      <Filter>Source Files\fb_update_sender</Filter>
    </ClCompile>
    <ClCompile Include="fb_update_sender\UpdSenderMsgDefs.cpp">
      <Filter>Source Files\fb_update_sender</Filter>
    </ClCompile>
    <ClCompile Include="fb_update_sender\ViewPort.cpp">
      <Filter>Source Files\fb_update_sender</Filter>
    </ClCompile>
    <ClCompile Include="fb_update_sender\ViewPortState.cpp">
      <Filter>Source Files\fb_update_sender</Filter>
    </ClCompile>
    <ClCompile Include="desktop\_.cpp">
      <Filter>Source Files\desktop</Filter>
    </ClCompile>
    <ClCompile Include="desktop\ApplicationDesktopFactory.cpp">
      <Filter>Source Files\desktop</Filter>
    </ClCompile>
    <ClCompile Include="desktop\ClipboardListener.cpp">
      <Filter>Source Files\desktop</Filter>
    </ClCompile>
    <ClCompile Include="desktop\ConsolePoller.cpp">
      <Filter>Source Files\desktop</Filter>
    </ClCompile>
    <ClCompile Include="desktop\CopyRectDetector.cpp">
      <Filter>Source Files\desktop</Filter>
    </ClCompile>
    <ClCompile Include="desktop\CursorPositionDetector.cpp">
      <Filter>Source Files\desktop</Filter>
    </ClCompile>
    <ClCompile Include="desktop\CursorShapeDetector.cpp">
      <Filter>Source Files\desktop</Filter>
    </ClCompile>
    <ClCompile Include="desktop\CursorShapeGrabber.cpp">
      <Filter>Source Files\desktop</Filter>
    </ClCompile>
    <ClCompile Include="desktop\DesktopBaseImpl.cpp">
      <Filter>Source Files\desktop</Filter>
    </ClCompile>
    <ClCompile Include="desktop\DesktopClientImpl.cpp">
      <Filter>Source Files\desktop</Filter>
    </ClCompile>
    <ClCompile Include="desktop\DesktopConfigLocal.cpp">
      <Filter>Source Files\desktop</Filter>
    </ClCompile>
    <ClCompile Include="desktop\DesktopServerWatcher.cpp">
      <Filter>Source Files\desktop</Filter>
    </ClCompile>
    <ClCompile Include="desktop\DesktopWinImpl.cpp">
      <Filter>Source Files\desktop</Filter>
    </ClCompile>
    <ClCompile Include="desktop\DummyScreenDriver.cpp">
      <Filter>Source Files\desktop</Filter>
    </ClCompile>
    <ClCompile Include="desktop\framework.cpp">
      <Filter>Source Files\desktop</Filter>
    </ClCompile>
    <ClCompile Include="desktop\GrabOptimizator.cpp">
      <Filter>Source Files\desktop</Filter>
    </ClCompile>
    <ClCompile Include="desktop\HookInstaller.cpp">
      <Filter>Source Files\desktop</Filter>
    </ClCompile>
    <ClCompile Include="desktop\HooksUpdateDetector.cpp">
      <Filter>Source Files\desktop</Filter>
    </ClCompile>
    <ClCompile Include="desktop\HookUpdateTimer.cpp">
      <Filter>Source Files\desktop</Filter>
    </ClCompile>
    <ClCompile Include="desktop\InputBlocker.cpp">
      <Filter>Source Files\desktop</Filter>
    </ClCompile>
    <ClCompile Include="desktop\MirrorDriverClient.cpp">
      <Filter>Source Files\desktop</Filter>
    </ClCompile>
    <ClCompile Include="desktop\MirrorScreenDriver.cpp">
      <Filter>Source Files\desktop</Filter>
    </ClCompile>
    <ClCompile Include="desktop\Poller.cpp">
      <Filter>Source Files\desktop</Filter>
    </ClCompile>
    <ClCompile Include="desktop\SasUserInput.cpp">
      <Filter>Source Files\desktop</Filter>
    </ClCompile>
    <ClCompile Include="desktop\ScreenGrabber.cpp">
      <Filter>Source Files\desktop</Filter>
    </ClCompile>
    <ClCompile Include="desktop\UpdateContainer.cpp">
      <Filter>Source Files\desktop</Filter>
    </ClCompile>
    <ClCompile Include="desktop\UpdateDetector.cpp">
      <Filter>Source Files\desktop</Filter>
    </ClCompile>
    <ClCompile Include="desktop\UpdateFilter.cpp">
      <Filter>Source Files\desktop</Filter>
    </ClCompile>
    <ClCompile Include="desktop\UpdateHandler.cpp">
      <Filter>Source Files\desktop</Filter>
    </ClCompile>
    <ClCompile Include="desktop\UpdateHandlerImpl.cpp">
      <Filter>Source Files\desktop</Filter>
    </ClCompile>
    <ClCompile Include="desktop\UpdateKeeper.cpp">
      <Filter>Source Files\desktop</Filter>
    </ClCompile>
    <ClCompile Include="desktop\UpdateListener.cpp">
      <Filter>Source Files\desktop</Filter>
    </ClCompile>
    <ClCompile Include="desktop\UpdateSendingListener.cpp">
      <Filter>Source Files\desktop</Filter>
    </ClCompile>
    <ClCompile Include="desktop\UserInput.cpp">
      <Filter>Source Files\desktop</Filter>
    </ClCompile>
    <ClCompile Include="desktop\WallpaperUtil.cpp">
      <Filter>Source Files\desktop</Filter>
    </ClCompile>
    <ClCompile Include="desktop\Win8CursorShape.cpp">
      <Filter>Source Files\desktop</Filter>
    </ClCompile>
    <ClCompile Include="desktop\Win8DeskDuplicationThread.cpp">
      <Filter>Source Files\desktop</Filter>
    </ClCompile>
    <ClCompile Include="desktop\Win8ScreenDriver.cpp">
      <Filter>Source Files\desktop</Filter>
    </ClCompile>
    <ClCompile Include="desktop\Win8ScreenDriverImpl.cpp">
      <Filter>Source Files\desktop</Filter>
    </ClCompile>
    <ClCompile Include="desktop\Win32MirrorScreenDriver.cpp">
      <Filter>Source Files\desktop</Filter>
    </ClCompile>
    <ClCompile Include="desktop\Win32ScreenDriver.cpp">
      <Filter>Source Files\desktop</Filter>
    </ClCompile>
    <ClCompile Include="desktop\Win32ScreenDriverBaseImpl.cpp">
      <Filter>Source Files\desktop</Filter>
    </ClCompile>
    <ClCompile Include="desktop\Win32ScreenDriverFactory.cpp">
      <Filter>Source Files\desktop</Filter>
    </ClCompile>
    <ClCompile Include="desktop\WinAutoMapDxgiSurface.cpp">
      <Filter>Source Files\desktop</Filter>
    </ClCompile>
    <ClCompile Include="desktop\WinCursorShapeUtils.cpp">
      <Filter>Source Files\desktop</Filter>
    </ClCompile>
    <ClCompile Include="desktop\WinCustomD3D11Texture2D.cpp">
      <Filter>Source Files\desktop</Filter>
    </ClCompile>
    <ClCompile Include="desktop\WinD3D11Device.cpp">
      <Filter>Source Files\desktop</Filter>
    </ClCompile>
    <ClCompile Include="desktop\WinD3D11Texture2D.cpp">
      <Filter>Source Files\desktop</Filter>
    </ClCompile>
    <ClCompile Include="desktop\WindowsClipboard.cpp">
      <Filter>Source Files\desktop</Filter>
    </ClCompile>
    <ClCompile Include="desktop\WindowsCursorShapeGrabber.cpp">
      <Filter>Source Files\desktop</Filter>
    </ClCompile>
    <ClCompile Include="desktop\WindowsInputBlocker.cpp">
      <Filter>Source Files\desktop</Filter>
    </ClCompile>
    <ClCompile Include="desktop\WindowsScreenGrabber.cpp">
      <Filter>Source Files\desktop</Filter>
    </ClCompile>
    <ClCompile Include="desktop\WindowsUserInput.cpp">
      <Filter>Source Files\desktop</Filter>
    </ClCompile>
    <ClCompile Include="desktop\WinDxCriticalException.cpp">
      <Filter>Source Files\desktop</Filter>
    </ClCompile>
    <ClCompile Include="desktop\WinDxException.cpp">
      <Filter>Source Files\desktop</Filter>
    </ClCompile>
    <ClCompile Include="desktop\WinDxgiAcquiredFrame.cpp">
      <Filter>Source Files\desktop</Filter>
    </ClCompile>
    <ClCompile Include="desktop\WinDxgiAdapter.cpp">
      <Filter>Source Files\desktop</Filter>
    </ClCompile>
    <ClCompile Include="desktop\WinDxgiDevice.cpp">
      <Filter>Source Files\desktop</Filter>
    </ClCompile>
    <ClCompile Include="desktop\WinDxgiOutput.cpp">
      <Filter>Source Files\desktop</Filter>
    </ClCompile>
    <ClCompile Include="desktop\WinDxgiOutput1.cpp">
      <Filter>Source Files\desktop</Filter>
    </ClCompile>
    <ClCompile Include="desktop\WinDxgiOutputDuplication.cpp">
      <Filter>Source Files\desktop</Filter>
    </ClCompile>
    <ClCompile Include="desktop\WinDxgiSurface.cpp">
      <Filter>Source Files\desktop</Filter>
    </ClCompile>
    <ClCompile Include="desktop\WinDxRecoverableException.cpp">
      <Filter>Source Files\desktop</Filter>
    </ClCompile>
    <ClCompile Include="desktop\WinServiceDesktopFactory.cpp">
      <Filter>Source Files\desktop</Filter>
    </ClCompile>
    <ClCompile Include="desktop\WinVideoRegionUpdaterImpl.cpp">
      <Filter>Source Files\desktop</Filter>
    </ClCompile>
    <ClCompile Include="desktop_ipc\_.cpp">
      <Filter>Source Files\desktop_ipc</Filter>
    </ClCompile>
    <ClCompile Include="desktop_ipc\BlockingGate.cpp">
      <Filter>Source Files\desktop_ipc</Filter>
    </ClCompile>
    <ClCompile Include="desktop_ipc\BlockingInputGate.cpp">
      <Filter>Source Files\desktop_ipc</Filter>
    </ClCompile>
    <ClCompile Include="desktop_ipc\BlockingOutputGate.cpp">
      <Filter>Source Files\desktop_ipc</Filter>
    </ClCompile>
    <ClCompile Include="desktop_ipc\ClientListener.cpp">
      <Filter>Source Files\desktop_ipc</Filter>
    </ClCompile>
    <ClCompile Include="desktop_ipc\ConfigServer.cpp">
      <Filter>Source Files\desktop_ipc</Filter>
    </ClCompile>
    <ClCompile Include="desktop_ipc\DesktopConfigClient.cpp">
      <Filter>Source Files\desktop_ipc</Filter>
    </ClCompile>
    <ClCompile Include="desktop_ipc\DesktopServerProto.cpp">
      <Filter>Source Files\desktop_ipc</Filter>
    </ClCompile>
    <ClCompile Include="desktop_ipc\DesktopSrvDispatcher.cpp">
      <Filter>Source Files\desktop_ipc</Filter>
    </ClCompile>
    <ClCompile Include="desktop_ipc\framework.cpp">
      <Filter>Source Files\desktop_ipc</Filter>
    </ClCompile>
    <ClCompile Include="desktop_ipc\GateKicker.cpp">
      <Filter>Source Files\desktop_ipc</Filter>
    </ClCompile>
    <ClCompile Include="desktop_ipc\GateKickHandler.cpp">
      <Filter>Source Files\desktop_ipc</Filter>
    </ClCompile>
    <ClCompile Include="desktop_ipc\ReconnectException.cpp">
      <Filter>Source Files\desktop_ipc</Filter>
    </ClCompile>
    <ClCompile Include="desktop_ipc\ReconnectingChannel.cpp">
      <Filter>Source Files\desktop_ipc</Filter>
    </ClCompile>
    <ClCompile Include="desktop_ipc\UpdateHandlerClient.cpp">
      <Filter>Source Files\desktop_ipc</Filter>
    </ClCompile>
    <ClCompile Include="desktop_ipc\UpdateHandlerServer.cpp">
      <Filter>Source Files\desktop_ipc</Filter>
    </ClCompile>
    <ClCompile Include="desktop_ipc\UserInputClient.cpp">
      <Filter>Source Files\desktop_ipc</Filter>
    </ClCompile>
    <ClCompile Include="desktop_ipc\UserInputServer.cpp">
      <Filter>Source Files\desktop_ipc</Filter>
    </ClCompile>
  </ItemGroup>
  <ItemGroup>
    <ClInclude Include="AdditionalActionApplication.h">
      <Filter>Header Files</Filter>
    </ClInclude>
    <ClInclude Include="AuthTracker.h">
      <Filter>Header Files</Filter>
    </ClInclude>
    <ClInclude Include="ControlAppAuthenticator.h">
      <Filter>Header Files</Filter>
    </ClInclude>
    <ClInclude Include="ControlClient.h">
      <Filter>Header Files</Filter>
    </ClInclude>
    <ClInclude Include="ControlServer.h">
      <Filter>Header Files</Filter>
    </ClInclude>
    <ClInclude Include="DesktopServerApplication.h">
      <Filter>Header Files</Filter>
    </ClInclude>
    <ClInclude Include="DesktopServerCommandLine.h">
      <Filter>Header Files</Filter>
    </ClInclude>
    <ClInclude Include="ExtraRfbServers.h">
      <Filter>Header Files</Filter>
    </ClInclude>
    <ClInclude Include="OutgoingRfbConnectionThread.h">
      <Filter>Header Files</Filter>
    </ClInclude>
    <ClInclude Include="QueryConnectionApplication.h">
      <Filter>Header Files</Filter>
    </ClInclude>
    <ClInclude Include="QueryConnectionCommandLine.h">
      <Filter>Header Files</Filter>
    </ClInclude>
    <ClInclude Include="QueryConnectionDialog.h">
      <Filter>Header Files</Filter>
    </ClInclude>
    <ClInclude Include="RfbClientManager.h">
      <Filter>Header Files</Filter>
    </ClInclude>
    <ClInclude Include="RfbClientManagerEventListener.h">
      <Filter>Header Files</Filter>
    </ClInclude>
    <ClInclude Include="RfbServer.h">
      <Filter>Header Files</Filter>
    </ClInclude>
    <ClInclude Include="ServerCommandLine.h">
      <Filter>Header Files</Filter>
    </ClInclude>
    <ClInclude Include="ServiceControlApplication.h">
      <Filter>Header Files</Filter>
    </ClInclude>
    <ClInclude Include="ServiceControlCommandLine.h">
      <Filter>Header Files</Filter>
    </ClInclude>
    <ClInclude Include="TvnServer.h">
      <Filter>Header Files</Filter>
    </ClInclude>
    <ClInclude Include="TvnServerApplication.h">
      <Filter>Header Files</Filter>
    </ClInclude>
    <ClInclude Include="TvnServerHelp.h">
      <Filter>Header Files</Filter>
    </ClInclude>
    <ClInclude Include="TvnServerListener.h">
      <Filter>Header Files</Filter>
    </ClInclude>
    <ClInclude Include="TvnService.h">
      <Filter>Header Files</Filter>
    </ClInclude>
    <ClInclude Include="WsConfigRunner.h">
      <Filter>Header Files</Filter>
    </ClInclude>
    <ClInclude Include="WinEventLogWriter.h">
      <Filter>Header Files</Filter>
    </ClInclude>
    <ClInclude Include="NamingDefs.h">
      <Filter>Header Files</Filter>
    </ClInclude>
    <ClInclude Include="CrashHook.h">
      <Filter>Header Files</Filter>
    </ClInclude>
    <ClInclude Include="WinServiceEvents.h">
      <Filter>Header Files</Filter>
    </ClInclude>
    <ClInclude Include="_.h">
      <Filter>Header Files</Filter>
    </ClInclude>
    <ClInclude Include="framework.h">
      <Filter>Header Files</Filter>
    </ClInclude>
    <ClInclude Include="server_config\Configurator.h">
      <Filter>Header Files\server_config</Filter>
    </ClInclude>
    <ClInclude Include="fb_update_sender\_.h">
      <Filter>Header Files\fb_update_sender</Filter>
    </ClInclude>
    <ClInclude Include="fb_update_sender\CursorUpdates.h">
      <Filter>Header Files\fb_update_sender</Filter>
    </ClInclude>
    <ClInclude Include="fb_update_sender\framework.h">
      <Filter>Header Files\fb_update_sender</Filter>
    </ClInclude>
    <ClInclude Include="fb_update_sender\resource.h">
      <Filter>Header Files\fb_update_sender</Filter>
    </ClInclude>
    <ClInclude Include="fb_update_sender\SenderControlInformationInterface.h">
      <Filter>Header Files\fb_update_sender</Filter>
    </ClInclude>
    <ClInclude Include="fb_update_sender\UpdateRequestListener.h">
      <Filter>Header Files\fb_update_sender</Filter>
    </ClInclude>
    <ClInclude Include="fb_update_sender\UpdateSender.h">
      <Filter>Header Files\fb_update_sender</Filter>
    </ClInclude>
    <ClInclude Include="fb_update_sender\UpdSenderMsgDefs.h">
      <Filter>Header Files\fb_update_sender</Filter>
    </ClInclude>
    <ClInclude Include="fb_update_sender\ViewPort.h">
      <Filter>Header Files\fb_update_sender</Filter>
    </ClInclude>
    <ClInclude Include="fb_update_sender\ViewPortState.h">
      <Filter>Header Files\fb_update_sender</Filter>
    </ClInclude>
    <ClInclude Include="desktop\_.h">
      <Filter>Header Files\desktop</Filter>
    </ClInclude>
    <ClInclude Include="desktop\AbnormDeskTermListener.h">
      <Filter>Header Files\desktop</Filter>
    </ClInclude>
    <ClInclude Include="desktop\ApplicationDesktopFactory.h">
      <Filter>Header Files\desktop</Filter>
    </ClInclude>
    <ClInclude Include="desktop\ClipboardListener.h">
      <Filter>Header Files\desktop</Filter>
    </ClInclude>
    <ClInclude Include="desktop\ConsolePoller.h">
      <Filter>Header Files\desktop</Filter>
    </ClInclude>
    <ClInclude Include="desktop\CopyRectDetector.h">
      <Filter>Header Files\desktop</Filter>
    </ClInclude>
    <ClInclude Include="desktop\CursorPositionDetector.h">
      <Filter>Header Files\desktop</Filter>
    </ClInclude>
    <ClInclude Include="desktop\CursorShapeDetector.h">
      <Filter>Header Files\desktop</Filter>
    </ClInclude>
    <ClInclude Include="desktop\CursorShapeGrabber.h">
      <Filter>Header Files\desktop</Filter>
    </ClInclude>
    <ClInclude Include="desktop\Desktop.h">
      <Filter>Header Files\desktop</Filter>
    </ClInclude>
    <ClInclude Include="desktop\DesktopBaseImpl.h">
      <Filter>Header Files\desktop</Filter>
    </ClInclude>
    <ClInclude Include="desktop\DesktopClientImpl.h">
      <Filter>Header Files\desktop</Filter>
    </ClInclude>
    <ClInclude Include="desktop\DesktopConfigLocal.h">
      <Filter>Header Files\desktop</Filter>
    </ClInclude>
    <ClInclude Include="desktop\DesktopFactory.h">
      <Filter>Header Files\desktop</Filter>
    </ClInclude>
    <ClInclude Include="desktop\DesktopServerWatcher.h">
      <Filter>Header Files\desktop</Filter>
    </ClInclude>
    <ClInclude Include="desktop\DesktopWinImpl.h">
      <Filter>Header Files\desktop</Filter>
    </ClInclude>
    <ClInclude Include="desktop\DisplayEsc.h">
      <Filter>Header Files\desktop</Filter>
    </ClInclude>
    <ClInclude Include="desktop\DummyScreenDriver.h">
      <Filter>Header Files\desktop</Filter>
    </ClInclude>
    <ClInclude Include="desktop\framework.h">
      <Filter>Header Files\desktop</Filter>
    </ClInclude>
    <ClInclude Include="desktop\GrabOptimizator.h">
      <Filter>Header Files\desktop</Filter>
    </ClInclude>
    <ClInclude Include="desktop\HookInstaller.h">
      <Filter>Header Files\desktop</Filter>
    </ClInclude>
    <ClInclude Include="desktop\HooksUpdateDetector.h">
      <Filter>Header Files\desktop</Filter>
    </ClInclude>
    <ClInclude Include="desktop\HookUpdateTimer.h">
      <Filter>Header Files\desktop</Filter>
    </ClInclude>
    <ClInclude Include="desktop\InputBlocker.h">
      <Filter>Header Files\desktop</Filter>
    </ClInclude>
    <ClInclude Include="desktop\MirrorDriverClient.h">
      <Filter>Header Files\desktop</Filter>
    </ClInclude>
    <ClInclude Include="desktop\MirrorScreenDriver.h">
      <Filter>Header Files\desktop</Filter>
    </ClInclude>
    <ClInclude Include="desktop\Poller.h">
      <Filter>Header Files\desktop</Filter>
    </ClInclude>
    <ClInclude Include="desktop\resource.h">
      <Filter>Header Files\desktop</Filter>
    </ClInclude>
    <ClInclude Include="desktop\SasUserInput.h">
      <Filter>Header Files\desktop</Filter>
    </ClInclude>
    <ClInclude Include="desktop\ScreenDriver.h">
      <Filter>Header Files\desktop</Filter>
    </ClInclude>
    <ClInclude Include="desktop\ScreenDriverFactory.h">
      <Filter>Header Files\desktop</Filter>
    </ClInclude>
    <ClInclude Include="desktop\ScreenGrabber.h">
      <Filter>Header Files\desktop</Filter>
    </ClInclude>
    <ClInclude Include="desktop\UpdateContainer.h">
      <Filter>Header Files\desktop</Filter>
    </ClInclude>
    <ClInclude Include="desktop\UpdateDetector.h">
      <Filter>Header Files\desktop</Filter>
    </ClInclude>
    <ClInclude Include="desktop\UpdateFilter.h">
      <Filter>Header Files\desktop</Filter>
    </ClInclude>
    <ClInclude Include="desktop\UpdateHandler.h">
      <Filter>Header Files\desktop</Filter>
    </ClInclude>
    <ClInclude Include="desktop\UpdateHandlerImpl.h">
      <Filter>Header Files\desktop</Filter>
    </ClInclude>
    <ClInclude Include="desktop\UpdateKeeper.h">
      <Filter>Header Files\desktop</Filter>
    </ClInclude>
    <ClInclude Include="desktop\UpdateListener.h">
      <Filter>Header Files\desktop</Filter>
    </ClInclude>
    <ClInclude Include="desktop\UpdateSendingListener.h">
      <Filter>Header Files\desktop</Filter>
    </ClInclude>
    <ClInclude Include="desktop\UserInput.h">
      <Filter>Header Files\desktop</Filter>
    </ClInclude>
    <ClInclude Include="desktop\WallpaperUtil.h">
      <Filter>Header Files\desktop</Filter>
    </ClInclude>
    <ClInclude Include="desktop\Win8CursorShape.h">
      <Filter>Header Files\desktop</Filter>
    </ClInclude>
    <ClInclude Include="desktop\Win8DeskDuplicationThread.h">
      <Filter>Header Files\desktop</Filter>
    </ClInclude>
    <ClInclude Include="desktop\Win8DuplicationListener.h">
      <Filter>Header Files\desktop</Filter>
    </ClInclude>
    <ClInclude Include="desktop\Win8ScreenDriver.h">
      <Filter>Header Files\desktop</Filter>
    </ClInclude>
    <ClInclude Include="desktop\Win8ScreenDriverImpl.h">
      <Filter>Header Files\desktop</Filter>
    </ClInclude>
    <ClInclude Include="desktop\Win32MirrorScreenDriver.h">
      <Filter>Header Files\desktop</Filter>
    </ClInclude>
    <ClInclude Include="desktop\Win32ScreenDriver.h">
      <Filter>Header Files\desktop</Filter>
    </ClInclude>
    <ClInclude Include="desktop\Win32ScreenDriverBaseImpl.h">
      <Filter>Header Files\desktop</Filter>
    </ClInclude>
    <ClInclude Include="desktop\Win32ScreenDriverFactory.h">
      <Filter>Header Files\desktop</Filter>
    </ClInclude>
    <ClInclude Include="desktop\WinAutoMapDxgiSurface.h">
      <Filter>Header Files\desktop</Filter>
    </ClInclude>
    <ClInclude Include="desktop\WinCursorShapeUtils.h">
      <Filter>Header Files\desktop</Filter>
    </ClInclude>
    <ClInclude Include="desktop\WinCustomD3D11Texture2D.h">
      <Filter>Header Files\desktop</Filter>
    </ClInclude>
    <ClInclude Include="desktop\WinD3D11Device.h">
      <Filter>Header Files\desktop</Filter>
    </ClInclude>
    <ClInclude Include="desktop\WinD3D11Texture2D.h">
      <Filter>Header Files\desktop</Filter>
    </ClInclude>
    <ClInclude Include="desktop\WindowsClipboard.h">
      <Filter>Header Files\desktop</Filter>
    </ClInclude>
    <ClInclude Include="desktop\WindowsCursorShapeGrabber.h">
      <Filter>Header Files\desktop</Filter>
    </ClInclude>
    <ClInclude Include="desktop\WindowsInputBlocker.h">
      <Filter>Header Files\desktop</Filter>
    </ClInclude>
    <ClInclude Include="desktop\WindowsScreenGrabber.h">
      <Filter>Header Files\desktop</Filter>
    </ClInclude>
    <ClInclude Include="desktop\WindowsUserInput.h">
      <Filter>Header Files\desktop</Filter>
    </ClInclude>
    <ClInclude Include="desktop\WinDxCriticalException.h">
      <Filter>Header Files\desktop</Filter>
    </ClInclude>
    <ClInclude Include="desktop\WinDxException.h">
      <Filter>Header Files\desktop</Filter>
    </ClInclude>
    <ClInclude Include="desktop\WinDxgiAcquiredFrame.h">
      <Filter>Header Files\desktop</Filter>
    </ClInclude>
    <ClInclude Include="desktop\WinDxgiAdapter.h">
      <Filter>Header Files\desktop</Filter>
    </ClInclude>
    <ClInclude Include="desktop\WinDxgiDevice.h">
      <Filter>Header Files\desktop</Filter>
    </ClInclude>
    <ClInclude Include="desktop\WinDxgiOutput.h">
      <Filter>Header Files\desktop</Filter>
    </ClInclude>
    <ClInclude Include="desktop\WinDxgiOutput1.h">
      <Filter>Header Files\desktop</Filter>
    </ClInclude>
    <ClInclude Include="desktop\WinDxgiOutputDuplication.h">
      <Filter>Header Files\desktop</Filter>
    </ClInclude>
    <ClInclude Include="desktop\WinDxgiSurface.h">
      <Filter>Header Files\desktop</Filter>
    </ClInclude>
    <ClInclude Include="desktop\WinDxRecoverableException.h">
      <Filter>Header Files\desktop</Filter>
    </ClInclude>
    <ClInclude Include="desktop\WinServiceDesktopFactory.h">
      <Filter>Header Files\desktop</Filter>
    </ClInclude>
    <ClInclude Include="desktop\WinVideoRegionUpdaterImpl.h">
      <Filter>Header Files\desktop</Filter>
    </ClInclude>
    <ClInclude Include="desktop_ipc\_.h">
      <Filter>Header Files\desktop_ipc</Filter>
    </ClInclude>
    <ClInclude Include="desktop_ipc\BlockingGate.h">
      <Filter>Header Files\desktop_ipc</Filter>
    </ClInclude>
    <ClInclude Include="desktop_ipc\BlockingInputGate.h">
      <Filter>Header Files\desktop_ipc</Filter>
    </ClInclude>
    <ClInclude Include="desktop_ipc\BlockingOutputGate.h">
      <Filter>Header Files\desktop_ipc</Filter>
    </ClInclude>
    <ClInclude Include="desktop_ipc\ClientListener.h">
      <Filter>Header Files\desktop_ipc</Filter>
    </ClInclude>
    <ClInclude Include="desktop_ipc\ConfigServer.h">
      <Filter>Header Files\desktop_ipc</Filter>
    </ClInclude>
    <ClInclude Include="desktop_ipc\DesktopConfigClient.h">
      <Filter>Header Files\desktop_ipc</Filter>
    </ClInclude>
    <ClInclude Include="desktop_ipc\DesktopServerProto.h">
      <Filter>Header Files\desktop_ipc</Filter>
    </ClInclude>
    <ClInclude Include="desktop_ipc\DesktopSrvDispatcher.h">
      <Filter>Header Files\desktop_ipc</Filter>
    </ClInclude>
    <ClInclude Include="desktop_ipc\framework.h">
      <Filter>Header Files\desktop_ipc</Filter>
    </ClInclude>
    <ClInclude Include="desktop_ipc\GateKicker.h">
      <Filter>Header Files\desktop_ipc</Filter>
    </ClInclude>
    <ClInclude Include="desktop_ipc\GateKickHandler.h">
      <Filter>Header Files\desktop_ipc</Filter>
    </ClInclude>
    <ClInclude Include="desktop_ipc\ReconnectException.h">
      <Filter>Header Files\desktop_ipc</Filter>
    </ClInclude>
    <ClInclude Include="desktop_ipc\ReconnectingChannel.h">
      <Filter>Header Files\desktop_ipc</Filter>
    </ClInclude>
    <ClInclude Include="desktop_ipc\ReconnectionListener.h">
      <Filter>Header Files\desktop_ipc</Filter>
    </ClInclude>
    <ClInclude Include="desktop_ipc\resource.h">
      <Filter>Header Files\desktop_ipc</Filter>
    </ClInclude>
    <ClInclude Include="desktop_ipc\UpdateHandlerClient.h">
      <Filter>Header Files\desktop_ipc</Filter>
    </ClInclude>
    <ClInclude Include="desktop_ipc\UpdateHandlerServer.h">
      <Filter>Header Files\desktop_ipc</Filter>
    </ClInclude>
    <ClInclude Include="desktop_ipc\UserInputClient.h">
      <Filter>Header Files\desktop_ipc</Filter>
    </ClInclude>
    <ClInclude Include="desktop_ipc\UserInputServer.h">
      <Filter>Header Files\desktop_ipc</Filter>
    </ClInclude>
  </ItemGroup>
</Project>